
Microsoft Visual Studio Solution File, Format Version 11.00
# Visual Studio 2010
Project("{FAE04EC0-301F-11D3-BF4B-00C04F79EFBC}") = "Assembly-CSharp", "Assembly-CSharp.csproj", "{ABEDF675-E257-69B0-AF8B-46D256FBDA79}"
EndProject
Project("{FAE04EC0-301F-11D3-BF4B-00C04F79EFBC}") = "MoreMountains.Tools", "MoreMountains.Tools.csproj", "{CA4790C8-844A-520F-63AF-E36E7298D17B}"
EndProject
Project("{FAE04EC0-301F-11D3-BF4B-00C04F79EFBC}") = "MoreMountains.Feedbacks", "MoreMountains.Feedbacks.csproj", "{61974161-3945-8350-0EA3-5C74C2616C24}"
EndProject
Project("{FAE04EC0-301F-11D3-BF4B-00C04F79EFBC}") = "MoreMountains.Interface", "MoreMountains.Interface.csproj", "{75AA9B42-3C7C-9DAF-CD0A-7499F4CFF1EC}"
EndProject
Project("{FAE04EC0-301F-11D3-BF4B-00C04F79EFBC}") = "MoreMountains.Feedbacks.MMTools", "MoreMountains.Feedbacks.MMTools.csproj", "{59388FE3-B7A0-144A-0AF4-6BC76F98378C}"
EndProject
Project("{FAE04EC0-301F-11D3-BF4B-00C04F79EFBC}") = "MoreMountains.Tools.Feedbacks", "MoreMountains.Tools.Feedbacks.csproj", "{AA2CC667-0D0D-1F48-FA4E-796922AEF09E}"
EndProject
Project("{FAE04EC0-301F-11D3-BF4B-00C04F79EFBC}") = "MoreMountains.Tools.Editor", "MoreMountains.Tools.Editor.csproj", "{FEC2E1AE-5245-9915-38EB-FB548FDD91FF}"
EndProject
Project("{FAE04EC0-301F-11D3-BF4B-00C04F79EFBC}") = "Assembly-CSharp-Editor", "Assembly-CSharp-Editor.csproj", "{0D957D47-EAB7-582A-B3D6-C4157BD24FAC}"
EndProject
Project("{FAE04EC0-301F-11D3-BF4B-00C04F79EFBC}") = "MoreMountains.Feedbacks.Editor", "MoreMountains.Feedbacks.Editor.csproj", "{1152A832-4FC4-F9C1-0BB9-17E0644E3694}"
EndProject
Project("{FAE04EC0-301F-11D3-BF4B-00C04F79EFBC}") = "MoreMountains.Interface.Editor", "MoreMountains.Interface.Editor.csproj", "{44A37124-D0F9-AF45-E039-832F7F9C0F8B}"
EndProject
Project("{FAE04EC0-301F-11D3-BF4B-00C04F79EFBC}") = "MoreMountains.Tools.Feedbacks.Editor", "MoreMountains.Tools.Feedbacks.Editor.csproj", "{C93B9ABE-5197-BD56-3E20-568AE39488CD}"
EndProject
Global
	GlobalSection(SolutionConfigurationPlatforms) = preSolution
		Debug|Any CPU = Debug|Any CPU
		Release|Any CPU = Release|Any CPU
	EndGlobalSection
	GlobalSection(ProjectConfigurationPlatforms) = postSolution
		{ABEDF675-E257-69B0-AF8B-46D256FBDA79}.Debug|Any CPU.ActiveCfg = Debug|Any CPU
		{ABEDF675-E257-69B0-AF8B-46D256FBDA79}.Debug|Any CPU.Build.0 = Debug|Any CPU
		{ABEDF675-E257-69B0-AF8B-46D256FBDA79}.Release|Any CPU.ActiveCfg = Release|Any CPU
		{ABEDF675-E257-69B0-AF8B-46D256FBDA79}.Release|Any CPU.Build.0 = Release|Any CPU
		{CA4790C8-844A-520F-63AF-E36E7298D17B}.Debug|Any CPU.ActiveCfg = Debug|Any CPU
		{CA4790C8-844A-520F-63AF-E36E7298D17B}.Debug|Any CPU.Build.0 = Debug|Any CPU
		{CA4790C8-844A-520F-63AF-E36E7298D17B}.Release|Any CPU.ActiveCfg = Release|Any CPU
		{CA4790C8-844A-520F-63AF-E36E7298D17B}.Release|Any CPU.Build.0 = Release|Any CPU
		{61974161-3945-8350-0EA3-5C74C2616C24}.Debug|Any CPU.ActiveCfg = Debug|Any CPU
		{61974161-3945-8350-0EA3-5C74C2616C24}.Debug|Any CPU.Build.0 = Debug|Any CPU
		{61974161-3945-8350-0EA3-5C74C2616C24}.Release|Any CPU.ActiveCfg = Release|Any CPU
		{61974161-3945-8350-0EA3-5C74C2616C24}.Release|Any CPU.Build.0 = Release|Any CPU
		{75AA9B42-3C7C-9DAF-CD0A-7499F4CFF1EC}.Debug|Any CPU.ActiveCfg = Debug|Any CPU
		{75AA9B42-3C7C-9DAF-CD0A-7499F4CFF1EC}.Debug|Any CPU.Build.0 = Debug|Any CPU
		{75AA9B42-3C7C-9DAF-CD0A-7499F4CFF1EC}.Release|Any CPU.ActiveCfg = Release|Any CPU
		{75AA9B42-3C7C-9DAF-CD0A-7499F4CFF1EC}.Release|Any CPU.Build.0 = Release|Any CPU
		{59388FE3-B7A0-144A-0AF4-6BC76F98378C}.Debug|Any CPU.ActiveCfg = Debug|Any CPU
		{59388FE3-B7A0-144A-0AF4-6BC76F98378C}.Debug|Any CPU.Build.0 = Debug|Any CPU
		{59388FE3-B7A0-144A-0AF4-6BC76F98378C}.Release|Any CPU.ActiveCfg = Release|Any CPU
		{59388FE3-B7A0-144A-0AF4-6BC76F98378C}.Release|Any CPU.Build.0 = Release|Any CPU
		{AA2CC667-0D0D-1F48-FA4E-796922AEF09E}.Debug|Any CPU.ActiveCfg = Debug|Any CPU
		{AA2CC667-0D0D-1F48-FA4E-796922AEF09E}.Debug|Any CPU.Build.0 = Debug|Any CPU
		{AA2CC667-0D0D-1F48-FA4E-796922AEF09E}.Release|Any CPU.ActiveCfg = Release|Any CPU
		{AA2CC667-0D0D-1F48-FA4E-796922AEF09E}.Release|Any CPU.Build.0 = Release|Any CPU
		{FEC2E1AE-5245-9915-38EB-FB548FDD91FF}.Debug|Any CPU.ActiveCfg = Debug|Any CPU
		{FEC2E1AE-5245-9915-38EB-FB548FDD91FF}.Debug|Any CPU.Build.0 = Debug|Any CPU
		{FEC2E1AE-5245-9915-38EB-FB548FDD91FF}.Release|Any CPU.ActiveCfg = Release|Any CPU
		{FEC2E1AE-5245-9915-38EB-FB548FDD91FF}.Release|Any CPU.Build.0 = Release|Any CPU
		{0D957D47-EAB7-582A-B3D6-C4157BD24FAC}.Debug|Any CPU.ActiveCfg = Debug|Any CPU
		{0D957D47-EAB7-582A-B3D6-C4157BD24FAC}.Debug|Any CPU.Build.0 = Debug|Any CPU
		{0D957D47-EAB7-582A-B3D6-C4157BD24FAC}.Release|Any CPU.ActiveCfg = Release|Any CPU
		{0D957D47-EAB7-582A-B3D6-C4157BD24FAC}.Release|Any CPU.Build.0 = Release|Any CPU
		{1152A832-4FC4-F9C1-0BB9-17E0644E3694}.Debug|Any CPU.ActiveCfg = Debug|Any CPU
		{1152A832-4FC4-F9C1-0BB9-17E0644E3694}.Debug|Any CPU.Build.0 = Debug|Any CPU
		{1152A832-4FC4-F9C1-0BB9-17E0644E3694}.Release|Any CPU.ActiveCfg = Release|Any CPU
		{1152A832-4FC4-F9C1-0BB9-17E0644E3694}.Release|Any CPU.Build.0 = Release|Any CPU
		{44A37124-D0F9-AF45-E039-832F7F9C0F8B}.Debug|Any CPU.ActiveCfg = Debug|Any CPU
		{44A37124-D0F9-AF45-E039-832F7F9C0F8B}.Debug|Any CPU.Build.0 = Debug|Any CPU
		{44A37124-D0F9-AF45-E039-832F7F9C0F8B}.Release|Any CPU.ActiveCfg = Release|Any CPU
		{44A37124-D0F9-AF45-E039-832F7F9C0F8B}.Release|Any CPU.Build.0 = Release|Any CPU
		{C93B9ABE-5197-BD56-3E20-568AE39488CD}.Debug|Any CPU.ActiveCfg = Debug|Any CPU
		{C93B9ABE-5197-BD56-3E20-568AE39488CD}.Debug|Any CPU.Build.0 = Debug|Any CPU
		{C93B9ABE-5197-BD56-3E20-568AE39488CD}.Release|Any CPU.ActiveCfg = Release|Any CPU
		{C93B9ABE-5197-BD56-3E20-568AE39488CD}.Release|Any CPU.Build.0 = Release|Any CPU
	EndGlobalSection
	GlobalSection(SolutionProperties) = preSolution
		HideSolutionNode = FALSE
	EndGlobalSection
EndGlobal
